// !$*UTF8*$!
{
	archiveVersion = 1;
	classes = {
	};
	objectVersion = 52;
	objects = {

/* Begin PBXBuildFile section */
		841FC3AB25F139A300DEECA3 /* SpeciesBase.swift in Sources */ = {isa = PBXBuildFile; fileRef = 841FC3AA25F139A300DEECA3 /* SpeciesBase.swift */; };
		841FC3B325F13ACA00DEECA3 /* FlavorTextEntries.swift in Sources */ = {isa = PBXBuildFile; fileRef = 841FC3B225F13ACA00DEECA3 /* FlavorTextEntries.swift */; };
		841FC3B825F13B2200DEECA3 /* Languaje.swift in Sources */ = {isa = PBXBuildFile; fileRef = 841FC3B725F13B2200DEECA3 /* Languaje.swift */; };
		841FC3BD25F13B3100DEECA3 /* Version.swift in Sources */ = {isa = PBXBuildFile; fileRef = 841FC3BC25F13B3100DEECA3 /* Version.swift */; };
		8435153425E01B78002F259C /* Alamofire in Frameworks */ = {isa = PBXBuildFile; productRef = 8435153325E01B78002F259C /* Alamofire */; };
		8435153925E01BCE002F259C /* NetworkingProvider.swift in Sources */ = {isa = PBXBuildFile; fileRef = 8435153825E01BCE002F259C /* NetworkingProvider.swift */; };
		8435154025E01DA8002F259C /* Pokemons.swift in Sources */ = {isa = PBXBuildFile; fileRef = 8435153F25E01DA8002F259C /* Pokemons.swift */; };
		843B4C0925DF5CFF00262D13 /* Extensions.swift in Sources */ = {isa = PBXBuildFile; fileRef = 843B4C0825DF5CFF00262D13 /* Extensions.swift */; };
		84404CA025DEE20D00D84F92 /* AppDelegate.swift in Sources */ = {isa = PBXBuildFile; fileRef = 84404C9F25DEE20D00D84F92 /* AppDelegate.swift */; };
		84404CA225DEE20D00D84F92 /* SceneDelegate.swift in Sources */ = {isa = PBXBuildFile; fileRef = 84404CA125DEE20D00D84F92 /* SceneDelegate.swift */; };
		84404CA425DEE20D00D84F92 /* ViewController.swift in Sources */ = {isa = PBXBuildFile; fileRef = 84404CA325DEE20D00D84F92 /* ViewController.swift */; };
		84404CA725DEE20D00D84F92 /* Main.storyboard in Resources */ = {isa = PBXBuildFile; fileRef = 84404CA525DEE20D00D84F92 /* Main.storyboard */; };
		84404CAA25DEE20D00D84F92 /* pokedex.xcdatamodeld in Sources */ = {isa = PBXBuildFile; fileRef = 84404CA825DEE20D00D84F92 /* pokedex.xcdatamodeld */; };
		84404CAC25DEE21000D84F92 /* Assets.xcassets in Resources */ = {isa = PBXBuildFile; fileRef = 84404CAB25DEE21000D84F92 /* Assets.xcassets */; };
		84404CAF25DEE21000D84F92 /* LaunchScreen.storyboard in Resources */ = {isa = PBXBuildFile; fileRef = 84404CAD25DEE21000D84F92 /* LaunchScreen.storyboard */; };
		84404CBA25DEE21100D84F92 /* pokedexTests.swift in Sources */ = {isa = PBXBuildFile; fileRef = 84404CB925DEE21100D84F92 /* pokedexTests.swift */; };
		84404CC525DEE21100D84F92 /* pokedexUITests.swift in Sources */ = {isa = PBXBuildFile; fileRef = 84404CC425DEE21100D84F92 /* pokedexUITests.swift */; };
		844DF27F25F2D8620038AA79 /* Species.swift in Sources */ = {isa = PBXBuildFile; fileRef = 844DF27925F2D8620038AA79 /* Species.swift */; };
		844DF28025F2D8620038AA79 /* EvolvesTo.swift in Sources */ = {isa = PBXBuildFile; fileRef = 844DF27A25F2D8620038AA79 /* EvolvesTo.swift */; };
		844DF28125F2D8620038AA79 /* EvolutionBase.swift in Sources */ = {isa = PBXBuildFile; fileRef = 844DF27B25F2D8620038AA79 /* EvolutionBase.swift */; };
		844DF28225F2D8620038AA79 /* EvolutionDetails.swift in Sources */ = {isa = PBXBuildFile; fileRef = 844DF27C25F2D8620038AA79 /* EvolutionDetails.swift */; };
		844DF28325F2D8620038AA79 /* Trigger.swift in Sources */ = {isa = PBXBuildFile; fileRef = 844DF27D25F2D8620038AA79 /* Trigger.swift */; };
		844DF28425F2D8620038AA79 /* Chain.swift in Sources */ = {isa = PBXBuildFile; fileRef = 844DF27E25F2D8620038AA79 /* Chain.swift */; };
		84569FBF25E61B7E00649896 /* Abilities.swift in Sources */ = {isa = PBXBuildFile; fileRef = 84569FBE25E61B7E00649896 /* Abilities.swift */; };
		845C3C3A25E2BE9E006D48A0 /* PokemonViewController.swift in Sources */ = {isa = PBXBuildFile; fileRef = 845C3C3925E2BE9E006D48A0 /* PokemonViewController.swift */; };
		845C3C4325E3079F006D48A0 /* PokemonCell.swift in Sources */ = {isa = PBXBuildFile; fileRef = 845C3C4225E3079F006D48A0 /* PokemonCell.swift */; };
		847ECCBA25E80AEA000B9A5A /* Other.swift in Sources */ = {isa = PBXBuildFile; fileRef = 847ECCB925E80AEA000B9A5A /* Other.swift */; };
		847ECCBF25E80BD5000B9A5A /* OficcialArtwork.swift in Sources */ = {isa = PBXBuildFile; fileRef = 847ECCBE25E80BD5000B9A5A /* OficcialArtwork.swift */; };
		848F017025E36415006557F8 /* Pokemon.swift in Sources */ = {isa = PBXBuildFile; fileRef = 848F016F25E36415006557F8 /* Pokemon.swift */; };
		848F9F9F25E6B0D100189541 /* Type.swift in Sources */ = {isa = PBXBuildFile; fileRef = 848F9F9E25E6B0D100189541 /* Type.swift */; };
		848F9FA725E6B0FC00189541 /* Types.swift in Sources */ = {isa = PBXBuildFile; fileRef = 848F9FA625E6B0FC00189541 /* Types.swift */; };
		848F9FAC25E6B7D400189541 /* Stats.swift in Sources */ = {isa = PBXBuildFile; fileRef = 848F9FAB25E6B7D400189541 /* Stats.swift */; };
		848F9FB125E6B7FE00189541 /* Stat.swift in Sources */ = {isa = PBXBuildFile; fileRef = 848F9FB025E6B7FE00189541 /* Stat.swift */; };
		849B088025E36AD9002ECEBE /* Displayable.swift in Sources */ = {isa = PBXBuildFile; fileRef = 849B087F25E36AD9002ECEBE /* Displayable.swift */; };
		849B088625E386E2002ECEBE /* Kingfisher in Frameworks */ = {isa = PBXBuildFile; productRef = 849B088525E386E2002ECEBE /* Kingfisher */; };
		84B971D225F0523400ACF59A /* PokemonAPI in Frameworks */ = {isa = PBXBuildFile; productRef = 84B971D125F0523400ACF59A /* PokemonAPI */; };
		84BE432125F2A3CE00B66D50 /* EvolutionsViewController.swift in Sources */ = {isa = PBXBuildFile; fileRef = 84BE432025F2A3CE00B66D50 /* EvolutionsViewController.swift */; };
		84D776F725E61AC200B559E2 /* PokemonBase.swift in Sources */ = {isa = PBXBuildFile; fileRef = 84D776F625E61AC200B559E2 /* PokemonBase.swift */; };
		84E6B8CA25E62A3100A4BDD0 /* Ability.swift in Sources */ = {isa = PBXBuildFile; fileRef = 84E6B8C925E62A3100A4BDD0 /* Ability.swift */; };
		84E6B8CF25E62A9600A4BDD0 /* Sprites.swift in Sources */ = {isa = PBXBuildFile; fileRef = 84E6B8CE25E62A9600A4BDD0 /* Sprites.swift */; };
		84F3085725F27333007A89D2 /* BottomPopupPresentAnimator.swift in Sources */ = {isa = PBXBuildFile; fileRef = 84F3084F25F27331007A89D2 /* BottomPopupPresentAnimator.swift */; };
		84F3085825F27333007A89D2 /* BottomPopupPresentationController.swift in Sources */ = {isa = PBXBuildFile; fileRef = 84F3085025F27331007A89D2 /* BottomPopupPresentationController.swift */; };
		84F3085925F27333007A89D2 /* BottomPopupDismissAnimator.swift in Sources */ = {isa = PBXBuildFile; fileRef = 84F3085125F27332007A89D2 /* BottomPopupDismissAnimator.swift */; };
		84F3085A25F27333007A89D2 /* BottomPopupUtils.swift in Sources */ = {isa = PBXBuildFile; fileRef = 84F3085225F27332007A89D2 /* BottomPopupUtils.swift */; };
		84F3085B25F27333007A89D2 /* BottomPopupDismissInteractionController.swift in Sources */ = {isa = PBXBuildFile; fileRef = 84F3085325F27332007A89D2 /* BottomPopupDismissInteractionController.swift */; };
		84F3085C25F27333007A89D2 /* BottomPopupNavigationController.swift in Sources */ = {isa = PBXBuildFile; fileRef = 84F3085425F27332007A89D2 /* BottomPopupNavigationController.swift */; };
		84F3085D25F27333007A89D2 /* BottomPopupViewController.swift in Sources */ = {isa = PBXBuildFile; fileRef = 84F3085525F27333007A89D2 /* BottomPopupViewController.swift */; };
		84F3085E25F27333007A89D2 /* BottomPopupTransitionHandler.swift in Sources */ = {isa = PBXBuildFile; fileRef = 84F3085625F27333007A89D2 /* BottomPopupTransitionHandler.swift */; };
		84F3BA4D25F2C9DB0080C756 /* MovesViewController.swift in Sources */ = {isa = PBXBuildFile; fileRef = 84F3BA4C25F2C9DB0080C756 /* MovesViewController.swift */; };
/* End PBXBuildFile section */

/* Begin PBXContainerItemProxy section */
		84404CB625DEE21100D84F92 /* PBXContainerItemProxy */ = {
			isa = PBXContainerItemProxy;
			containerPortal = 84404C9425DEE20D00D84F92 /* Project object */;
			proxyType = 1;
			remoteGlobalIDString = 84404C9B25DEE20D00D84F92;
			remoteInfo = pokedex;
		};
		84404CC125DEE21100D84F92 /* PBXContainerItemProxy */ = {
			isa = PBXContainerItemProxy;
			containerPortal = 84404C9425DEE20D00D84F92 /* Project object */;
			proxyType = 1;
			remoteGlobalIDString = 84404C9B25DEE20D00D84F92;
			remoteInfo = pokedex;
		};
/* End PBXContainerItemProxy section */

/* Begin PBXFileReference section */
		841FC3AA25F139A300DEECA3 /* SpeciesBase.swift */ = {isa = PBXFileReference; lastKnownFileType = sourcecode.swift; path = SpeciesBase.swift; sourceTree = "<group>"; };
		841FC3B225F13ACA00DEECA3 /* FlavorTextEntries.swift */ = {isa = PBXFileReference; lastKnownFileType = sourcecode.swift; path = FlavorTextEntries.swift; sourceTree = "<group>"; };
		841FC3B725F13B2200DEECA3 /* Languaje.swift */ = {isa = PBXFileReference; lastKnownFileType = sourcecode.swift; path = Languaje.swift; sourceTree = "<group>"; };
		841FC3BC25F13B3100DEECA3 /* Version.swift */ = {isa = PBXFileReference; lastKnownFileType = sourcecode.swift; path = Version.swift; sourceTree = "<group>"; };
		8435153825E01BCE002F259C /* NetworkingProvider.swift */ = {isa = PBXFileReference; lastKnownFileType = sourcecode.swift; path = NetworkingProvider.swift; sourceTree = "<group>"; };
		8435153F25E01DA8002F259C /* Pokemons.swift */ = {isa = PBXFileReference; lastKnownFileType = sourcecode.swift; path = Pokemons.swift; sourceTree = "<group>"; };
		843B4C0825DF5CFF00262D13 /* Extensions.swift */ = {isa = PBXFileReference; lastKnownFileType = sourcecode.swift; path = Extensions.swift; sourceTree = "<group>"; };
		84404C9C25DEE20D00D84F92 /* pokedex.app */ = {isa = PBXFileReference; explicitFileType = wrapper.application; includeInIndex = 0; path = pokedex.app; sourceTree = BUILT_PRODUCTS_DIR; };
		84404C9F25DEE20D00D84F92 /* AppDelegate.swift */ = {isa = PBXFileReference; lastKnownFileType = sourcecode.swift; path = AppDelegate.swift; sourceTree = "<group>"; };
		84404CA125DEE20D00D84F92 /* SceneDelegate.swift */ = {isa = PBXFileReference; lastKnownFileType = sourcecode.swift; path = SceneDelegate.swift; sourceTree = "<group>"; };
		84404CA325DEE20D00D84F92 /* ViewController.swift */ = {isa = PBXFileReference; lastKnownFileType = sourcecode.swift; path = ViewController.swift; sourceTree = "<group>"; };
		84404CA625DEE20D00D84F92 /* Base */ = {isa = PBXFileReference; lastKnownFileType = file.storyboard; name = Base; path = Base.lproj/Main.storyboard; sourceTree = "<group>"; };
		84404CA925DEE20D00D84F92 /* pokedex.xcdatamodel */ = {isa = PBXFileReference; lastKnownFileType = wrapper.xcdatamodel; path = pokedex.xcdatamodel; sourceTree = "<group>"; };
		84404CAB25DEE21000D84F92 /* Assets.xcassets */ = {isa = PBXFileReference; lastKnownFileType = folder.assetcatalog; path = Assets.xcassets; sourceTree = "<group>"; };
		84404CAE25DEE21000D84F92 /* Base */ = {isa = PBXFileReference; lastKnownFileType = file.storyboard; name = Base; path = Base.lproj/LaunchScreen.storyboard; sourceTree = "<group>"; };
		84404CB025DEE21000D84F92 /* Info.plist */ = {isa = PBXFileReference; lastKnownFileType = text.plist.xml; path = Info.plist; sourceTree = "<group>"; };
		84404CB525DEE21100D84F92 /* pokedexTests.xctest */ = {isa = PBXFileReference; explicitFileType = wrapper.cfbundle; includeInIndex = 0; path = pokedexTests.xctest; sourceTree = BUILT_PRODUCTS_DIR; };
		84404CB925DEE21100D84F92 /* pokedexTests.swift */ = {isa = PBXFileReference; lastKnownFileType = sourcecode.swift; path = pokedexTests.swift; sourceTree = "<group>"; };
		84404CBB25DEE21100D84F92 /* Info.plist */ = {isa = PBXFileReference; lastKnownFileType = text.plist.xml; path = Info.plist; sourceTree = "<group>"; };
		84404CC025DEE21100D84F92 /* pokedexUITests.xctest */ = {isa = PBXFileReference; explicitFileType = wrapper.cfbundle; includeInIndex = 0; path = pokedexUITests.xctest; sourceTree = BUILT_PRODUCTS_DIR; };
		84404CC425DEE21100D84F92 /* pokedexUITests.swift */ = {isa = PBXFileReference; lastKnownFileType = sourcecode.swift; path = pokedexUITests.swift; sourceTree = "<group>"; };
		84404CC625DEE21100D84F92 /* Info.plist */ = {isa = PBXFileReference; lastKnownFileType = text.plist.xml; path = Info.plist; sourceTree = "<group>"; };
		844DF27925F2D8620038AA79 /* Species.swift */ = {isa = PBXFileReference; fileEncoding = 4; lastKnownFileType = sourcecode.swift; path = Species.swift; sourceTree = "<group>"; };
		844DF27A25F2D8620038AA79 /* EvolvesTo.swift */ = {isa = PBXFileReference; fileEncoding = 4; lastKnownFileType = sourcecode.swift; path = EvolvesTo.swift; sourceTree = "<group>"; };
		844DF27B25F2D8620038AA79 /* EvolutionBase.swift */ = {isa = PBXFileReference; fileEncoding = 4; lastKnownFileType = sourcecode.swift; path = EvolutionBase.swift; sourceTree = "<group>"; };
		844DF27C25F2D8620038AA79 /* EvolutionDetails.swift */ = {isa = PBXFileReference; fileEncoding = 4; lastKnownFileType = sourcecode.swift; path = EvolutionDetails.swift; sourceTree = "<group>"; };
		844DF27D25F2D8620038AA79 /* Trigger.swift */ = {isa = PBXFileReference; fileEncoding = 4; lastKnownFileType = sourcecode.swift; path = Trigger.swift; sourceTree = "<group>"; };
		844DF27E25F2D8620038AA79 /* Chain.swift */ = {isa = PBXFileReference; fileEncoding = 4; lastKnownFileType = sourcecode.swift; path = Chain.swift; sourceTree = "<group>"; };
		84569FBE25E61B7E00649896 /* Abilities.swift */ = {isa = PBXFileReference; lastKnownFileType = sourcecode.swift; path = Abilities.swift; sourceTree = "<group>"; };
		845C3C3925E2BE9E006D48A0 /* PokemonViewController.swift */ = {isa = PBXFileReference; lastKnownFileType = sourcecode.swift; path = PokemonViewController.swift; sourceTree = "<group>"; };
		845C3C4225E3079F006D48A0 /* PokemonCell.swift */ = {isa = PBXFileReference; lastKnownFileType = sourcecode.swift; path = PokemonCell.swift; sourceTree = "<group>"; };
		847ECCB925E80AEA000B9A5A /* Other.swift */ = {isa = PBXFileReference; lastKnownFileType = sourcecode.swift; path = Other.swift; sourceTree = "<group>"; };
		847ECCBE25E80BD5000B9A5A /* OficcialArtwork.swift */ = {isa = PBXFileReference; lastKnownFileType = sourcecode.swift; path = OficcialArtwork.swift; sourceTree = "<group>"; };
		848F016F25E36415006557F8 /* Pokemon.swift */ = {isa = PBXFileReference; lastKnownFileType = sourcecode.swift; path = Pokemon.swift; sourceTree = "<group>"; };
		848F9F9E25E6B0D100189541 /* Type.swift */ = {isa = PBXFileReference; lastKnownFileType = sourcecode.swift; path = Type.swift; sourceTree = "<group>"; };
		848F9FA625E6B0FC00189541 /* Types.swift */ = {isa = PBXFileReference; lastKnownFileType = sourcecode.swift; path = Types.swift; sourceTree = "<group>"; };
		848F9FAB25E6B7D400189541 /* Stats.swift */ = {isa = PBXFileReference; lastKnownFileType = sourcecode.swift; path = Stats.swift; sourceTree = "<group>"; };
		848F9FB025E6B7FE00189541 /* Stat.swift */ = {isa = PBXFileReference; lastKnownFileType = sourcecode.swift; path = Stat.swift; sourceTree = "<group>"; };
		849B087F25E36AD9002ECEBE /* Displayable.swift */ = {isa = PBXFileReference; lastKnownFileType = sourcecode.swift; path = Displayable.swift; sourceTree = "<group>"; };
		84BE432025F2A3CE00B66D50 /* EvolutionsViewController.swift */ = {isa = PBXFileReference; lastKnownFileType = sourcecode.swift; path = EvolutionsViewController.swift; sourceTree = "<group>"; };
		84D776F625E61AC200B559E2 /* PokemonBase.swift */ = {isa = PBXFileReference; lastKnownFileType = sourcecode.swift; path = PokemonBase.swift; sourceTree = "<group>"; };
		84E6B8C925E62A3100A4BDD0 /* Ability.swift */ = {isa = PBXFileReference; lastKnownFileType = sourcecode.swift; path = Ability.swift; sourceTree = "<group>"; };
		84E6B8CE25E62A9600A4BDD0 /* Sprites.swift */ = {isa = PBXFileReference; lastKnownFileType = sourcecode.swift; path = Sprites.swift; sourceTree = "<group>"; };
		84F3084F25F27331007A89D2 /* BottomPopupPresentAnimator.swift */ = {isa = PBXFileReference; fileEncoding = 4; lastKnownFileType = sourcecode.swift; path = BottomPopupPresentAnimator.swift; sourceTree = "<group>"; };
		84F3085025F27331007A89D2 /* BottomPopupPresentationController.swift */ = {isa = PBXFileReference; fileEncoding = 4; lastKnownFileType = sourcecode.swift; path = BottomPopupPresentationController.swift; sourceTree = "<group>"; };
		84F3085125F27332007A89D2 /* BottomPopupDismissAnimator.swift */ = {isa = PBXFileReference; fileEncoding = 4; lastKnownFileType = sourcecode.swift; path = BottomPopupDismissAnimator.swift; sourceTree = "<group>"; };
		84F3085225F27332007A89D2 /* BottomPopupUtils.swift */ = {isa = PBXFileReference; fileEncoding = 4; lastKnownFileType = sourcecode.swift; path = BottomPopupUtils.swift; sourceTree = "<group>"; };
		84F3085325F27332007A89D2 /* BottomPopupDismissInteractionController.swift */ = {isa = PBXFileReference; fileEncoding = 4; lastKnownFileType = sourcecode.swift; path = BottomPopupDismissInteractionController.swift; sourceTree = "<group>"; };
		84F3085425F27332007A89D2 /* BottomPopupNavigationController.swift */ = {isa = PBXFileReference; fileEncoding = 4; lastKnownFileType = sourcecode.swift; path = BottomPopupNavigationController.swift; sourceTree = "<group>"; };
		84F3085525F27333007A89D2 /* BottomPopupViewController.swift */ = {isa = PBXFileReference; fileEncoding = 4; lastKnownFileType = sourcecode.swift; path = BottomPopupViewController.swift; sourceTree = "<group>"; };
		84F3085625F27333007A89D2 /* BottomPopupTransitionHandler.swift */ = {isa = PBXFileReference; fileEncoding = 4; lastKnownFileType = sourcecode.swift; path = BottomPopupTransitionHandler.swift; sourceTree = "<group>"; };
		84F3BA4C25F2C9DB0080C756 /* MovesViewController.swift */ = {isa = PBXFileReference; lastKnownFileType = sourcecode.swift; path = MovesViewController.swift; sourceTree = "<group>"; };
/* End PBXFileReference section */

/* Begin PBXFrameworksBuildPhase section */
		84404C9925DEE20D00D84F92 /* Frameworks */ = {
			isa = PBXFrameworksBuildPhase;
			buildActionMask = 2147483647;
			files = (
				84B971D225F0523400ACF59A /* PokemonAPI in Frameworks */,
				849B088625E386E2002ECEBE /* Kingfisher in Frameworks */,
				8435153425E01B78002F259C /* Alamofire in Frameworks */,
			);
			runOnlyForDeploymentPostprocessing = 0;
		};
		84404CB225DEE21100D84F92 /* Frameworks */ = {
			isa = PBXFrameworksBuildPhase;
			buildActionMask = 2147483647;
			files = (
			);
			runOnlyForDeploymentPostprocessing = 0;
		};
		84404CBD25DEE21100D84F92 /* Frameworks */ = {
			isa = PBXFrameworksBuildPhase;
			buildActionMask = 2147483647;
			files = (
			);
			runOnlyForDeploymentPostprocessing = 0;
		};
/* End PBXFrameworksBuildPhase section */

/* Begin PBXGroup section */
		841FC3A925F138EB00DEECA3 /* species */ = {
			isa = PBXGroup;
			children = (
				841FC3AA25F139A300DEECA3 /* SpeciesBase.swift */,
				841FC3B225F13ACA00DEECA3 /* FlavorTextEntries.swift */,
				841FC3B725F13B2200DEECA3 /* Languaje.swift */,
				841FC3BC25F13B3100DEECA3 /* Version.swift */,
			);
			path = species;
			sourceTree = "<group>";
		};
		8435153D25E01D52002F259C /* Networking */ = {
			isa = PBXGroup;
			children = (
				844DF27825F2D8620038AA79 /* evolution */,
				841FC3A925F138EB00DEECA3 /* species */,
				8435153E25E01D63002F259C /* Data */,
				8435153825E01BCE002F259C /* NetworkingProvider.swift */,
			);
			path = Networking;
			sourceTree = "<group>";
		};
		8435153E25E01D63002F259C /* Data */ = {
			isa = PBXGroup;
			children = (
				8435153F25E01DA8002F259C /* Pokemons.swift */,
				848F016F25E36415006557F8 /* Pokemon.swift */,
				849B087F25E36AD9002ECEBE /* Displayable.swift */,
				84D776F625E61AC200B559E2 /* PokemonBase.swift */,
				84569FBE25E61B7E00649896 /* Abilities.swift */,
				84E6B8C925E62A3100A4BDD0 /* Ability.swift */,
				84E6B8CE25E62A9600A4BDD0 /* Sprites.swift */,
				848F9F9E25E6B0D100189541 /* Type.swift */,
				848F9FA625E6B0FC00189541 /* Types.swift */,
				848F9FAB25E6B7D400189541 /* Stats.swift */,
				848F9FB025E6B7FE00189541 /* Stat.swift */,
				847ECCB925E80AEA000B9A5A /* Other.swift */,
				847ECCBE25E80BD5000B9A5A /* OficcialArtwork.swift */,
			);
			path = Data;
			sourceTree = "<group>";
		};
		843B4C0725DF5CB800262D13 /* utils */ = {
			isa = PBXGroup;
			children = (
				843B4C0825DF5CFF00262D13 /* Extensions.swift */,
			);
			path = utils;
			sourceTree = "<group>";
		};
		843B4C1425DFF11800262D13 /* View */ = {
			isa = PBXGroup;
			children = (
				845C3C4225E3079F006D48A0 /* PokemonCell.swift */,
			);
			path = View;
			sourceTree = "<group>";
		};
		843B4C1525DFF11F00262D13 /* Controller */ = {
			isa = PBXGroup;
			children = (
				845C3C3925E2BE9E006D48A0 /* PokemonViewController.swift */,
				84404CA325DEE20D00D84F92 /* ViewController.swift */,
				84BE432025F2A3CE00B66D50 /* EvolutionsViewController.swift */,
				84F3BA4C25F2C9DB0080C756 /* MovesViewController.swift */,
			);
			path = Controller;
			sourceTree = "<group>";
		};
		84404C9325DEE20D00D84F92 = {
			isa = PBXGroup;
			children = (
				84404C9E25DEE20D00D84F92 /* pokedex */,
				84404CB825DEE21100D84F92 /* pokedexTests */,
				84404CC325DEE21100D84F92 /* pokedexUITests */,
				84404C9D25DEE20D00D84F92 /* Products */,
			);
			sourceTree = "<group>";
		};
		84404C9D25DEE20D00D84F92 /* Products */ = {
			isa = PBXGroup;
			children = (
				84404C9C25DEE20D00D84F92 /* pokedex.app */,
				84404CB525DEE21100D84F92 /* pokedexTests.xctest */,
				84404CC025DEE21100D84F92 /* pokedexUITests.xctest */,
			);
			name = Products;
			sourceTree = "<group>";
		};
		84404C9E25DEE20D00D84F92 /* pokedex */ = {
			isa = PBXGroup;
			children = (
				84F3084E25F2730B007A89D2 /* BottomToTop */,
				8435153D25E01D52002F259C /* Networking */,
				843B4C1525DFF11F00262D13 /* Controller */,
				843B4C1425DFF11800262D13 /* View */,
				843B4C0725DF5CB800262D13 /* utils */,
				84404C9F25DEE20D00D84F92 /* AppDelegate.swift */,
				84404CA125DEE20D00D84F92 /* SceneDelegate.swift */,
				84404CA525DEE20D00D84F92 /* Main.storyboard */,
				84404CAB25DEE21000D84F92 /* Assets.xcassets */,
				84404CAD25DEE21000D84F92 /* LaunchScreen.storyboard */,
				84404CB025DEE21000D84F92 /* Info.plist */,
				84404CA825DEE20D00D84F92 /* pokedex.xcdatamodeld */,
			);
			path = pokedex;
			sourceTree = "<group>";
		};
		84404CB825DEE21100D84F92 /* pokedexTests */ = {
			isa = PBXGroup;
			children = (
				84404CB925DEE21100D84F92 /* pokedexTests.swift */,
				84404CBB25DEE21100D84F92 /* Info.plist */,
			);
			path = pokedexTests;
			sourceTree = "<group>";
		};
		84404CC325DEE21100D84F92 /* pokedexUITests */ = {
			isa = PBXGroup;
			children = (
				84404CC425DEE21100D84F92 /* pokedexUITests.swift */,
				84404CC625DEE21100D84F92 /* Info.plist */,
			);
			path = pokedexUITests;
			sourceTree = "<group>";
		};
		844DF27825F2D8620038AA79 /* evolution */ = {
			isa = PBXGroup;
			children = (
				844DF27E25F2D8620038AA79 /* Chain.swift */,
				844DF27C25F2D8620038AA79 /* EvolutionDetails.swift */,
				844DF27A25F2D8620038AA79 /* EvolvesTo.swift */,
				844DF27B25F2D8620038AA79 /* EvolutionBase.swift */,
				844DF27925F2D8620038AA79 /* Species.swift */,
				844DF27D25F2D8620038AA79 /* Trigger.swift */,
			);
			path = evolution;
			sourceTree = "<group>";
		};
		84F3084E25F2730B007A89D2 /* BottomToTop */ = {
			isa = PBXGroup;
			children = (
				84F3085125F27332007A89D2 /* BottomPopupDismissAnimator.swift */,
				84F3085325F27332007A89D2 /* BottomPopupDismissInteractionController.swift */,
				84F3085425F27332007A89D2 /* BottomPopupNavigationController.swift */,
				84F3084F25F27331007A89D2 /* BottomPopupPresentAnimator.swift */,
				84F3085025F27331007A89D2 /* BottomPopupPresentationController.swift */,
				84F3085625F27333007A89D2 /* BottomPopupTransitionHandler.swift */,
				84F3085225F27332007A89D2 /* BottomPopupUtils.swift */,
				84F3085525F27333007A89D2 /* BottomPopupViewController.swift */,
			);
			path = BottomToTop;
			sourceTree = "<group>";
		};
/* End PBXGroup section */

/* Begin PBXNativeTarget section */
		84404C9B25DEE20D00D84F92 /* pokedex */ = {
			isa = PBXNativeTarget;
			buildConfigurationList = 84404CC925DEE21100D84F92 /* Build configuration list for PBXNativeTarget "pokedex" */;
			buildPhases = (
				84404C9825DEE20D00D84F92 /* Sources */,
				84404C9925DEE20D00D84F92 /* Frameworks */,
				84404C9A25DEE20D00D84F92 /* Resources */,
			);
			buildRules = (
			);
			dependencies = (
			);
			name = pokedex;
			packageProductDependencies = (
				8435153325E01B78002F259C /* Alamofire */,
				849B088525E386E2002ECEBE /* Kingfisher */,
				84B971D125F0523400ACF59A /* PokemonAPI */,
			);
			productName = pokedex;
			productReference = 84404C9C25DEE20D00D84F92 /* pokedex.app */;
			productType = "com.apple.product-type.application";
		};
		84404CB425DEE21100D84F92 /* pokedexTests */ = {
			isa = PBXNativeTarget;
			buildConfigurationList = 84404CCC25DEE21100D84F92 /* Build configuration list for PBXNativeTarget "pokedexTests" */;
			buildPhases = (
				84404CB125DEE21100D84F92 /* Sources */,
				84404CB225DEE21100D84F92 /* Frameworks */,
				84404CB325DEE21100D84F92 /* Resources */,
			);
			buildRules = (
			);
			dependencies = (
				84404CB725DEE21100D84F92 /* PBXTargetDependency */,
			);
			name = pokedexTests;
			productName = pokedexTests;
			productReference = 84404CB525DEE21100D84F92 /* pokedexTests.xctest */;
			productType = "com.apple.product-type.bundle.unit-test";
		};
		84404CBF25DEE21100D84F92 /* pokedexUITests */ = {
			isa = PBXNativeTarget;
			buildConfigurationList = 84404CCF25DEE21100D84F92 /* Build configuration list for PBXNativeTarget "pokedexUITests" */;
			buildPhases = (
				84404CBC25DEE21100D84F92 /* Sources */,
				84404CBD25DEE21100D84F92 /* Frameworks */,
				84404CBE25DEE21100D84F92 /* Resources */,
			);
			buildRules = (
			);
			dependencies = (
				84404CC225DEE21100D84F92 /* PBXTargetDependency */,
			);
			name = pokedexUITests;
			productName = pokedexUITests;
			productReference = 84404CC025DEE21100D84F92 /* pokedexUITests.xctest */;
			productType = "com.apple.product-type.bundle.ui-testing";
		};
/* End PBXNativeTarget section */

/* Begin PBXProject section */
		84404C9425DEE20D00D84F92 /* Project object */ = {
			isa = PBXProject;
			attributes = {
				LastSwiftUpdateCheck = 1200;
				LastUpgradeCheck = 1200;
				TargetAttributes = {
					84404C9B25DEE20D00D84F92 = {
						CreatedOnToolsVersion = 12.0;
					};
					84404CB425DEE21100D84F92 = {
						CreatedOnToolsVersion = 12.0;
						TestTargetID = 84404C9B25DEE20D00D84F92;
					};
					84404CBF25DEE21100D84F92 = {
						CreatedOnToolsVersion = 12.0;
						TestTargetID = 84404C9B25DEE20D00D84F92;
					};
				};
			};
			buildConfigurationList = 84404C9725DEE20D00D84F92 /* Build configuration list for PBXProject "pokedex" */;
			compatibilityVersion = "Xcode 9.3";
			developmentRegion = en;
			hasScannedForEncodings = 0;
			knownRegions = (
				en,
				Base,
			);
			mainGroup = 84404C9325DEE20D00D84F92;
			packageReferences = (
				8435153225E01B78002F259C /* XCRemoteSwiftPackageReference "Alamofire" */,
				849B088425E386E2002ECEBE /* XCRemoteSwiftPackageReference "Kingfisher" */,
				84B971D025F0523400ACF59A /* XCRemoteSwiftPackageReference "PokemonAPI" */,
			);
			productRefGroup = 84404C9D25DEE20D00D84F92 /* Products */;
			projectDirPath = "";
			projectRoot = "";
			targets = (
				84404C9B25DEE20D00D84F92 /* pokedex */,
				84404CB425DEE21100D84F92 /* pokedexTests */,
				84404CBF25DEE21100D84F92 /* pokedexUITests */,
			);
		};
/* End PBXProject section */

/* Begin PBXResourcesBuildPhase section */
		84404C9A25DEE20D00D84F92 /* Resources */ = {
			isa = PBXResourcesBuildPhase;
			buildActionMask = 2147483647;
			files = (
				84404CAF25DEE21000D84F92 /* LaunchScreen.storyboard in Resources */,
				84404CAC25DEE21000D84F92 /* Assets.xcassets in Resources */,
				84404CA725DEE20D00D84F92 /* Main.storyboard in Resources */,
			);
			runOnlyForDeploymentPostprocessing = 0;
		};
		84404CB325DEE21100D84F92 /* Resources */ = {
			isa = PBXResourcesBuildPhase;
			buildActionMask = 2147483647;
			files = (
			);
			runOnlyForDeploymentPostprocessing = 0;
		};
		84404CBE25DEE21100D84F92 /* Resources */ = {
			isa = PBXResourcesBuildPhase;
			buildActionMask = 2147483647;
			files = (
			);
			runOnlyForDeploymentPostprocessing = 0;
		};
/* End PBXResourcesBuildPhase section */

/* Begin PBXSourcesBuildPhase section */
		84404C9825DEE20D00D84F92 /* Sources */ = {
			isa = PBXSourcesBuildPhase;
			buildActionMask = 2147483647;
			files = (
				841FC3B825F13B2200DEECA3 /* Languaje.swift in Sources */,
				8435154025E01DA8002F259C /* Pokemons.swift in Sources */,
				84F3085D25F27333007A89D2 /* BottomPopupViewController.swift in Sources */,
				84F3085825F27333007A89D2 /* BottomPopupPresentationController.swift in Sources */,
				848F9FAC25E6B7D400189541 /* Stats.swift in Sources */,
				84404CAA25DEE20D00D84F92 /* pokedex.xcdatamodeld in Sources */,
				843B4C0925DF5CFF00262D13 /* Extensions.swift in Sources */,
				848F9FA725E6B0FC00189541 /* Types.swift in Sources */,
				84F3085B25F27333007A89D2 /* BottomPopupDismissInteractionController.swift in Sources */,
				841FC3B325F13ACA00DEECA3 /* FlavorTextEntries.swift in Sources */,
				848F9FB125E6B7FE00189541 /* Stat.swift in Sources */,
				847ECCBF25E80BD5000B9A5A /* OficcialArtwork.swift in Sources */,
				8435153925E01BCE002F259C /* NetworkingProvider.swift in Sources */,
				84D776F725E61AC200B559E2 /* PokemonBase.swift in Sources */,
				84BE432125F2A3CE00B66D50 /* EvolutionsViewController.swift in Sources */,
				841FC3AB25F139A300DEECA3 /* SpeciesBase.swift in Sources */,
				844DF27F25F2D8620038AA79 /* Species.swift in Sources */,
				844DF28425F2D8620038AA79 /* Chain.swift in Sources */,
				844DF28125F2D8620038AA79 /* EvolutionBase.swift in Sources */,
				847ECCBA25E80AEA000B9A5A /* Other.swift in Sources */,
				84F3085E25F27333007A89D2 /* BottomPopupTransitionHandler.swift in Sources */,
				84F3085925F27333007A89D2 /* BottomPopupDismissAnimator.swift in Sources */,
				84404CA425DEE20D00D84F92 /* ViewController.swift in Sources */,
				848F017025E36415006557F8 /* Pokemon.swift in Sources */,
				844DF28225F2D8620038AA79 /* EvolutionDetails.swift in Sources */,
				848F9F9F25E6B0D100189541 /* Type.swift in Sources */,
				841FC3BD25F13B3100DEECA3 /* Version.swift in Sources */,
				84F3BA4D25F2C9DB0080C756 /* MovesViewController.swift in Sources */,
				84404CA025DEE20D00D84F92 /* AppDelegate.swift in Sources */,
				844DF28325F2D8620038AA79 /* Trigger.swift in Sources */,
				84F3085C25F27333007A89D2 /* BottomPopupNavigationController.swift in Sources */,
				84569FBF25E61B7E00649896 /* Abilities.swift in Sources */,
				845C3C3A25E2BE9E006D48A0 /* PokemonViewController.swift in Sources */,
				84E6B8CA25E62A3100A4BDD0 /* Ability.swift in Sources */,
				84404CA225DEE20D00D84F92 /* SceneDelegate.swift in Sources */,
				84E6B8CF25E62A9600A4BDD0 /* Sprites.swift in Sources */,
				84F3085A25F27333007A89D2 /* BottomPopupUtils.swift in Sources */,
				849B088025E36AD9002ECEBE /* Displayable.swift in Sources */,
				84F3085725F27333007A89D2 /* BottomPopupPresentAnimator.swift in Sources */,
				845C3C4325E3079F006D48A0 /* PokemonCell.swift in Sources */,
				844DF28025F2D8620038AA79 /* EvolvesTo.swift in Sources */,
			);
			runOnlyForDeploymentPostprocessing = 0;
		};
		84404CB125DEE21100D84F92 /* Sources */ = {
			isa = PBXSourcesBuildPhase;
			buildActionMask = 2147483647;
			files = (
				84404CBA25DEE21100D84F92 /* pokedexTests.swift in Sources */,
			);
			runOnlyForDeploymentPostprocessing = 0;
		};
		84404CBC25DEE21100D84F92 /* Sources */ = {
			isa = PBXSourcesBuildPhase;
			buildActionMask = 2147483647;
			files = (
				84404CC525DEE21100D84F92 /* pokedexUITests.swift in Sources */,
			);
			runOnlyForDeploymentPostprocessing = 0;
		};
/* End PBXSourcesBuildPhase section */

/* Begin PBXTargetDependency section */
		84404CB725DEE21100D84F92 /* PBXTargetDependency */ = {
			isa = PBXTargetDependency;
			target = 84404C9B25DEE20D00D84F92 /* pokedex */;
			targetProxy = 84404CB625DEE21100D84F92 /* PBXContainerItemProxy */;
		};
		84404CC225DEE21100D84F92 /* PBXTargetDependency */ = {
			isa = PBXTargetDependency;
			target = 84404C9B25DEE20D00D84F92 /* pokedex */;
			targetProxy = 84404CC125DEE21100D84F92 /* PBXContainerItemProxy */;
		};
/* End PBXTargetDependency section */

/* Begin PBXVariantGroup section */
		84404CA525DEE20D00D84F92 /* Main.storyboard */ = {
			isa = PBXVariantGroup;
			children = (
				84404CA625DEE20D00D84F92 /* Base */,
			);
			name = Main.storyboard;
			sourceTree = "<group>";
		};
		84404CAD25DEE21000D84F92 /* LaunchScreen.storyboard */ = {
			isa = PBXVariantGroup;
			children = (
				84404CAE25DEE21000D84F92 /* Base */,
			);
			name = LaunchScreen.storyboard;
			sourceTree = "<group>";
		};
/* End PBXVariantGroup section */

/* Begin XCBuildConfiguration section */
		84404CC725DEE21100D84F92 /* Debug */ = {
			isa = XCBuildConfiguration;
			buildSettings = {
				ALWAYS_SEARCH_USER_PATHS = NO;
				CLANG_ANALYZER_NONNULL = YES;
				CLANG_ANALYZER_NUMBER_OBJECT_CONVERSION = YES_AGGRESSIVE;
				CLANG_CXX_LANGUAGE_STANDARD = "gnu++14";
				CLANG_CXX_LIBRARY = "libc++";
				CLANG_ENABLE_MODULES = YES;
				CLANG_ENABLE_OBJC_ARC = YES;
				CLANG_ENABLE_OBJC_WEAK = YES;
				CLANG_WARN_BLOCK_CAPTURE_AUTORELEASING = YES;
				CLANG_WARN_BOOL_CONVERSION = YES;
				CLANG_WARN_COMMA = YES;
				CLANG_WARN_CONSTANT_CONVERSION = YES;
				CLANG_WARN_DEPRECATED_OBJC_IMPLEMENTATIONS = YES;
				CLANG_WARN_DIRECT_OBJC_ISA_USAGE = YES_ERROR;
				CLANG_WARN_DOCUMENTATION_COMMENTS = YES;
				CLANG_WARN_EMPTY_BODY = YES;
				CLANG_WARN_ENUM_CONVERSION = YES;
				CLANG_WARN_INFINITE_RECURSION = YES;
				CLANG_WARN_INT_CONVERSION = YES;
				CLANG_WARN_NON_LITERAL_NULL_CONVERSION = YES;
				CLANG_WARN_OBJC_IMPLICIT_RETAIN_SELF = YES;
				CLANG_WARN_OBJC_LITERAL_CONVERSION = YES;
				CLANG_WARN_OBJC_ROOT_CLASS = YES_ERROR;
				CLANG_WARN_QUOTED_INCLUDE_IN_FRAMEWORK_HEADER = YES;
				CLANG_WARN_RANGE_LOOP_ANALYSIS = YES;
				CLANG_WARN_STRICT_PROTOTYPES = YES;
				CLANG_WARN_SUSPICIOUS_MOVE = YES;
				CLANG_WARN_UNGUARDED_AVAILABILITY = YES_AGGRESSIVE;
				CLANG_WARN_UNREACHABLE_CODE = YES;
				CLANG_WARN__DUPLICATE_METHOD_MATCH = YES;
				COPY_PHASE_STRIP = NO;
				DEBUG_INFORMATION_FORMAT = dwarf;
				ENABLE_STRICT_OBJC_MSGSEND = YES;
				ENABLE_TESTABILITY = YES;
				GCC_C_LANGUAGE_STANDARD = gnu11;
				GCC_DYNAMIC_NO_PIC = NO;
				GCC_NO_COMMON_BLOCKS = YES;
				GCC_OPTIMIZATION_LEVEL = 0;
				GCC_PREPROCESSOR_DEFINITIONS = (
					"DEBUG=1",
					"$(inherited)",
				);
				GCC_WARN_64_TO_32_BIT_CONVERSION = YES;
				GCC_WARN_ABOUT_RETURN_TYPE = YES_ERROR;
				GCC_WARN_UNDECLARED_SELECTOR = YES;
				GCC_WARN_UNINITIALIZED_AUTOS = YES_AGGRESSIVE;
				GCC_WARN_UNUSED_FUNCTION = YES;
				GCC_WARN_UNUSED_VARIABLE = YES;
				IPHONEOS_DEPLOYMENT_TARGET = 14.0;
				MTL_ENABLE_DEBUG_INFO = INCLUDE_SOURCE;
				MTL_FAST_MATH = YES;
				ONLY_ACTIVE_ARCH = YES;
				SDKROOT = iphoneos;
				SWIFT_ACTIVE_COMPILATION_CONDITIONS = DEBUG;
				SWIFT_OPTIMIZATION_LEVEL = "-Onone";
			};
			name = Debug;
		};
		84404CC825DEE21100D84F92 /* Release */ = {
			isa = XCBuildConfiguration;
			buildSettings = {
				ALWAYS_SEARCH_USER_PATHS = NO;
				CLANG_ANALYZER_NONNULL = YES;
				CLANG_ANALYZER_NUMBER_OBJECT_CONVERSION = YES_AGGRESSIVE;
				CLANG_CXX_LANGUAGE_STANDARD = "gnu++14";
				CLANG_CXX_LIBRARY = "libc++";
				CLANG_ENABLE_MODULES = YES;
				CLANG_ENABLE_OBJC_ARC = YES;
				CLANG_ENABLE_OBJC_WEAK = YES;
				CLANG_WARN_BLOCK_CAPTURE_AUTORELEASING = YES;
				CLANG_WARN_BOOL_CONVERSION = YES;
				CLANG_WARN_COMMA = YES;
				CLANG_WARN_CONSTANT_CONVERSION = YES;
				CLANG_WARN_DEPRECATED_OBJC_IMPLEMENTATIONS = YES;
				CLANG_WARN_DIRECT_OBJC_ISA_USAGE = YES_ERROR;
				CLANG_WARN_DOCUMENTATION_COMMENTS = YES;
				CLANG_WARN_EMPTY_BODY = YES;
				CLANG_WARN_ENUM_CONVERSION = YES;
				CLANG_WARN_INFINITE_RECURSION = YES;
				CLANG_WARN_INT_CONVERSION = YES;
				CLANG_WARN_NON_LITERAL_NULL_CONVERSION = YES;
				CLANG_WARN_OBJC_IMPLICIT_RETAIN_SELF = YES;
				CLANG_WARN_OBJC_LITERAL_CONVERSION = YES;
				CLANG_WARN_OBJC_ROOT_CLASS = YES_ERROR;
				CLANG_WARN_QUOTED_INCLUDE_IN_FRAMEWORK_HEADER = YES;
				CLANG_WARN_RANGE_LOOP_ANALYSIS = YES;
				CLANG_WARN_STRICT_PROTOTYPES = YES;
				CLANG_WARN_SUSPICIOUS_MOVE = YES;
				CLANG_WARN_UNGUARDED_AVAILABILITY = YES_AGGRESSIVE;
				CLANG_WARN_UNREACHABLE_CODE = YES;
				CLANG_WARN__DUPLICATE_METHOD_MATCH = YES;
				COPY_PHASE_STRIP = NO;
				DEBUG_INFORMATION_FORMAT = "dwarf-with-dsym";
				ENABLE_NS_ASSERTIONS = NO;
				ENABLE_STRICT_OBJC_MSGSEND = YES;
				GCC_C_LANGUAGE_STANDARD = gnu11;
				GCC_NO_COMMON_BLOCKS = YES;
				GCC_WARN_64_TO_32_BIT_CONVERSION = YES;
				GCC_WARN_ABOUT_RETURN_TYPE = YES_ERROR;
				GCC_WARN_UNDECLARED_SELECTOR = YES;
				GCC_WARN_UNINITIALIZED_AUTOS = YES_AGGRESSIVE;
				GCC_WARN_UNUSED_FUNCTION = YES;
				GCC_WARN_UNUSED_VARIABLE = YES;
				IPHONEOS_DEPLOYMENT_TARGET = 14.0;
				MTL_ENABLE_DEBUG_INFO = NO;
				MTL_FAST_MATH = YES;
				SDKROOT = iphoneos;
				SWIFT_COMPILATION_MODE = wholemodule;
				SWIFT_OPTIMIZATION_LEVEL = "-O";
				VALIDATE_PRODUCT = YES;
			};
			name = Release;
		};
		84404CCA25DEE21100D84F92 /* Debug */ = {
			isa = XCBuildConfiguration;
			buildSettings = {
				ASSETCATALOG_COMPILER_APPICON_NAME = AppIcon;
				ASSETCATALOG_COMPILER_GLOBAL_ACCENT_COLOR_NAME = AccentColor;
				CODE_SIGN_STYLE = Automatic;
				INFOPLIST_FILE = pokedex/Info.plist;
				LD_RUNPATH_SEARCH_PATHS = (
					"$(inherited)",
					"@executable_path/Frameworks",
				);
				PRODUCT_BUNDLE_IDENTIFIER = robertdev.pokedex;
				PRODUCT_NAME = "$(TARGET_NAME)";
				SWIFT_VERSION = 5.0;
				TARGETED_DEVICE_FAMILY = "1,2";
			};
			name = Debug;
		};
		84404CCB25DEE21100D84F92 /* Release */ = {
			isa = XCBuildConfiguration;
			buildSettings = {
				ASSETCATALOG_COMPILER_APPICON_NAME = AppIcon;
				ASSETCATALOG_COMPILER_GLOBAL_ACCENT_COLOR_NAME = AccentColor;
				CODE_SIGN_STYLE = Automatic;
				INFOPLIST_FILE = pokedex/Info.plist;
				LD_RUNPATH_SEARCH_PATHS = (
					"$(inherited)",
					"@executable_path/Frameworks",
				);
				PRODUCT_BUNDLE_IDENTIFIER = robertdev.pokedex;
				PRODUCT_NAME = "$(TARGET_NAME)";
				SWIFT_VERSION = 5.0;
				TARGETED_DEVICE_FAMILY = "1,2";
			};
			name = Release;
		};
		84404CCD25DEE21100D84F92 /* Debug */ = {
			isa = XCBuildConfiguration;
			buildSettings = {
				ALWAYS_EMBED_SWIFT_STANDARD_LIBRARIES = YES;
				BUNDLE_LOADER = "$(TEST_HOST)";
				CODE_SIGN_STYLE = Automatic;
				INFOPLIST_FILE = pokedexTests/Info.plist;
				IPHONEOS_DEPLOYMENT_TARGET = 14.0;
				LD_RUNPATH_SEARCH_PATHS = (
					"$(inherited)",
					"@executable_path/Frameworks",
					"@loader_path/Frameworks",
				);
				PRODUCT_BUNDLE_IDENTIFIER = robertdev.pokedexTests;
				PRODUCT_NAME = "$(TARGET_NAME)";
				SWIFT_VERSION = 5.0;
				TARGETED_DEVICE_FAMILY = "1,2";
				TEST_HOST = "$(BUILT_PRODUCTS_DIR)/pokedex.app/pokedex";
			};
			name = Debug;
		};
		84404CCE25DEE21100D84F92 /* Release */ = {
			isa = XCBuildConfiguration;
			buildSettings = {
				ALWAYS_EMBED_SWIFT_STANDARD_LIBRARIES = YES;
				BUNDLE_LOADER = "$(TEST_HOST)";
				CODE_SIGN_STYLE = Automatic;
				INFOPLIST_FILE = pokedexTests/Info.plist;
				IPHONEOS_DEPLOYMENT_TARGET = 14.0;
				LD_RUNPATH_SEARCH_PATHS = (
					"$(inherited)",
					"@executable_path/Frameworks",
					"@loader_path/Frameworks",
				);
				PRODUCT_BUNDLE_IDENTIFIER = robertdev.pokedexTests;
				PRODUCT_NAME = "$(TARGET_NAME)";
				SWIFT_VERSION = 5.0;
				TARGETED_DEVICE_FAMILY = "1,2";
				TEST_HOST = "$(BUILT_PRODUCTS_DIR)/pokedex.app/pokedex";
			};
			name = Release;
		};
		84404CD025DEE21100D84F92 /* Debug */ = {
			isa = XCBuildConfiguration;
			buildSettings = {
				ALWAYS_EMBED_SWIFT_STANDARD_LIBRARIES = YES;
				CODE_SIGN_STYLE = Automatic;
				INFOPLIST_FILE = pokedexUITests/Info.plist;
				LD_RUNPATH_SEARCH_PATHS = (
					"$(inherited)",
					"@executable_path/Frameworks",
					"@loader_path/Frameworks",
				);
				PRODUCT_BUNDLE_IDENTIFIER = robertdev.pokedexUITests;
				PRODUCT_NAME = "$(TARGET_NAME)";
				SWIFT_VERSION = 5.0;
				TARGETED_DEVICE_FAMILY = "1,2";
				TEST_TARGET_NAME = pokedex;
			};
			name = Debug;
		};
		84404CD125DEE21100D84F92 /* Release */ = {
			isa = XCBuildConfiguration;
			buildSettings = {
				ALWAYS_EMBED_SWIFT_STANDARD_LIBRARIES = YES;
				CODE_SIGN_STYLE = Automatic;
				INFOPLIST_FILE = pokedexUITests/Info.plist;
				LD_RUNPATH_SEARCH_PATHS = (
					"$(inherited)",
					"@executable_path/Frameworks",
					"@loader_path/Frameworks",
				);
				PRODUCT_BUNDLE_IDENTIFIER = robertdev.pokedexUITests;
				PRODUCT_NAME = "$(TARGET_NAME)";
				SWIFT_VERSION = 5.0;
				TARGETED_DEVICE_FAMILY = "1,2";
				TEST_TARGET_NAME = pokedex;
			};
			name = Release;
		};
/* End XCBuildConfiguration section */

/* Begin XCConfigurationList section */
		84404C9725DEE20D00D84F92 /* Build configuration list for PBXProject "pokedex" */ = {
			isa = XCConfigurationList;
			buildConfigurations = (
				84404CC725DEE21100D84F92 /* Debug */,
				84404CC825DEE21100D84F92 /* Release */,
			);
			defaultConfigurationIsVisible = 0;
			defaultConfigurationName = Release;
		};
		84404CC925DEE21100D84F92 /* Build configuration list for PBXNativeTarget "pokedex" */ = {
			isa = XCConfigurationList;
			buildConfigurations = (
				84404CCA25DEE21100D84F92 /* Debug */,
				84404CCB25DEE21100D84F92 /* Release */,
			);
			defaultConfigurationIsVisible = 0;
			defaultConfigurationName = Release;
		};
		84404CCC25DEE21100D84F92 /* Build configuration list for PBXNativeTarget "pokedexTests" */ = {
			isa = XCConfigurationList;
			buildConfigurations = (
				84404CCD25DEE21100D84F92 /* Debug */,
				84404CCE25DEE21100D84F92 /* Release */,
			);
			defaultConfigurationIsVisible = 0;
			defaultConfigurationName = Release;
		};
		84404CCF25DEE21100D84F92 /* Build configuration list for PBXNativeTarget "pokedexUITests" */ = {
			isa = XCConfigurationList;
			buildConfigurations = (
				84404CD025DEE21100D84F92 /* Debug */,
				84404CD125DEE21100D84F92 /* Release */,
			);
			defaultConfigurationIsVisible = 0;
			defaultConfigurationName = Release;
		};
/* End XCConfigurationList section */

/* Begin XCRemoteSwiftPackageReference section */
		8435153225E01B78002F259C /* XCRemoteSwiftPackageReference "Alamofire" */ = {
			isa = XCRemoteSwiftPackageReference;
			repositoryURL = "https://github.com/Alamofire/Alamofire.git";
			requirement = {
				kind = upToNextMajorVersion;
				minimumVersion = 5.4.1;
			};
		};
		849B088425E386E2002ECEBE /* XCRemoteSwiftPackageReference "Kingfisher" */ = {
			isa = XCRemoteSwiftPackageReference;
			repositoryURL = "https://github.com/onevcat/Kingfisher.git";
			requirement = {
				kind = upToNextMajorVersion;
				minimumVersion = 6.1.1;
			};
		};
		84B971D025F0523400ACF59A /* XCRemoteSwiftPackageReference "PokemonAPI" */ = {
			isa = XCRemoteSwiftPackageReference;
			repositoryURL = "https://github.com/kinkofer/PokemonAPI";
			requirement = {
				kind = upToNextMajorVersion;
				minimumVersion = 6.0.2;
			};
		};
/* End XCRemoteSwiftPackageReference section */

/* Begin XCSwiftPackageProductDependency section */
		8435153325E01B78002F259C /* Alamofire */ = {
			isa = XCSwiftPackageProductDependency;
			package = 8435153225E01B78002F259C /* XCRemoteSwiftPackageReference "Alamofire" */;
			productName = Alamofire;
		};
		849B088525E386E2002ECEBE /* Kingfisher */ = {
			isa = XCSwiftPackageProductDependency;
			package = 849B088425E386E2002ECEBE /* XCRemoteSwiftPackageReference "Kingfisher" */;
			productName = Kingfisher;
		};
		84B971D125F0523400ACF59A /* PokemonAPI */ = {
			isa = XCSwiftPackageProductDependency;
			package = 84B971D025F0523400ACF59A /* XCRemoteSwiftPackageReference "PokemonAPI" */;
			productName = PokemonAPI;
		};
/* End XCSwiftPackageProductDependency section */

/* Begin XCVersionGroup section */
		84404CA825DEE20D00D84F92 /* pokedex.xcdatamodeld */ = {
			isa = XCVersionGroup;
			children = (
				84404CA925DEE20D00D84F92 /* pokedex.xcdatamodel */,
			);
			currentVersion = 84404CA925DEE20D00D84F92 /* pokedex.xcdatamodel */;
			path = pokedex.xcdatamodeld;
			sourceTree = "<group>";
			versionGroupType = wrapper.xcdatamodel;
		};
/* End XCVersionGroup section */
	};
	rootObject = 84404C9425DEE20D00D84F92 /* Project object */;
}
